
Microsoft Visual Studio Solution File, Format Version 12.00
Project("{FAE04EC0-301F-11D3-BF4B-00C04F79EFBC}") = "Chrimesy.Dotnet.ROP", "Chrimesy.Dotnet.ROP\Chrimesy.Dotnet.ROP.csproj", "{0B2C94FC-B8BE-4451-8FE5-E37520FB6C87}"
EndProject
Project("{FAE04EC0-301F-11D3-BF4B-00C04F79EFBC}") = "Chrimesy.Dotnet.Rop.Test", "Chrimesy.Dotnet.Rop.Test\Chrimesy.Dotnet.Rop.Test.csproj", "{5C38EF1E-6CE8-474D-BA48-E4DD59D5C50B}"
EndProject
Global
	GlobalSection(SolutionConfigurationPlatforms) = preSolution
		Debug|Any CPU = Debug|Any CPU
		Release|Any CPU = Release|Any CPU
	EndGlobalSection
	GlobalSection(ProjectConfigurationPlatforms) = postSolution
		{0B2C94FC-B8BE-4451-8FE5-E37520FB6C87}.Debug|Any CPU.ActiveCfg = Debug|Any CPU
		{0B2C94FC-B8BE-4451-8FE5-E37520FB6C87}.Debug|Any CPU.Build.0 = Debug|Any CPU
		{0B2C94FC-B8BE-4451-8FE5-E37520FB6C87}.Release|Any CPU.ActiveCfg = Release|Any CPU
		{0B2C94FC-B8BE-4451-8FE5-E37520FB6C87}.Release|Any CPU.Build.0 = Release|Any CPU
		{5C38EF1E-6CE8-474D-BA48-E4DD59D5C50B}.Debug|Any CPU.ActiveCfg = Debug|Any CPU
		{5C38EF1E-6CE8-474D-BA48-E4DD59D5C50B}.Debug|Any CPU.Build.0 = Debug|Any CPU
		{5C38EF1E-6CE8-474D-BA48-E4DD59D5C50B}.Release|Any CPU.ActiveCfg = Release|Any CPU
		{5C38EF1E-6CE8-474D-BA48-E4DD59D5C50B}.Release|Any CPU.Build.0 = Release|Any CPU
	EndGlobalSection
EndGlobal
